# This file is generated by running "yarn install" inside your project.
# Manual changes might be lost - proceed with caution!

__metadata:
  version: 8
  cacheKey: 10

"merkle-tree-benchmarks@workspace:.":
  version: 0.0.0-use.local
  resolution: "merkle-tree-benchmarks@workspace:."
  dependencies:
    prettier: "npm:^3.6.2"
    tinybench: "npm:^5.0.1"
  languageName: unknown
  linkType: soft

"prettier@npm:^3.6.2":
  version: 3.6.2
  resolution: "prettier@npm:3.6.2"
  bin:
    prettier: bin/prettier.cjs
  checksum: 10/1213691706bcef1371d16ef72773c8111106c3533b660b1cc8ec158bd109cdf1462804125f87f981f23c4a3dba053b6efafda30ab0114cc5b4a725606bb9ff26
  languageName: node
  linkType: hard

"tinybench@npm:^5.0.1":
  version: 5.0.1
  resolution: "tinybench@npm:5.0.1"
  checksum: 10/d5a609d08490b08ab237ad074acd70028f8c43e8d85426a82d1204318a474494bd13c424ac69221a9e51128fe291da6fa0470ee25e88bddc029a5f184ad3e6d6
  languageName: node
  linkType: hard
